
Microsoft Visual Studio Solution File, Format Version 12.00
# Visual Studio Version 17
VisualStudioVersion = 17.8.34330.188
MinimumVisualStudioVersion = 10.0.40219.1
Project("{FAE04EC0-301F-11D3-BF4B-00C04F79EFBC}") = "AKKA.ClusterNode", "AKKA.ClusterNode.csproj", "{061BC44A-5CC7-482F-B981-63559F8FBFDB}"
EndProject
Global
	GlobalSection(SolutionConfigurationPlatforms) = preSolution
		Debug|Any CPU = Debug|Any CPU
		Release|Any CPU = Release|Any CPU
	EndGlobalSection
	GlobalSection(ProjectConfigurationPlatforms) = postSolution
		{061BC44A-5CC7-482F-B981-63559F8FBFDB}.Debug|Any CPU.ActiveCfg = Debug|Any CPU
		{061BC44A-5CC7-482F-B981-63559F8FBFDB}.Debug|Any CPU.Build.0 = Debug|Any CPU
		{061BC44A-5CC7-482F-B981-63559F8FBFDB}.Release|Any CPU.ActiveCfg = Release|Any CPU
		{061BC44A-5CC7-482F-B981-63559F8FBFDB}.Release|Any CPU.Build.0 = Release|Any CPU
	EndGlobalSection
	GlobalSection(SolutionProperties) = preSolution
		HideSolutionNode = FALSE
	EndGlobalSection
	GlobalSection(ExtensibilityGlobals) = postSolution
		SolutionGuid = {A993B50F-6E18-4FC8-99C5-36B9AF234C6A}
	EndGlobalSection
EndGlobal
